
Microsoft Visual Studio Solution File, Format Version 12.00
Project("{FAE04EC0-301F-11D3-BF4B-00C04F79EFBC}") = "UnityTextI18n", "UnityTextI18n\UnityTextI18n.csproj", "{7E1855BE-FE10-4C2C-AAB0-71C71AAA67DF}"
EndProject
Global
	GlobalSection(SolutionConfigurationPlatforms) = preSolution
		Debug|Any CPU = Debug|Any CPU
		Release|Any CPU = Release|Any CPU
	EndGlobalSection
	GlobalSection(ProjectConfigurationPlatforms) = postSolution
		{7E1855BE-FE10-4C2C-AAB0-71C71AAA67DF}.Debug|Any CPU.ActiveCfg = Debug|Any CPU
		{7E1855BE-FE10-4C2C-AAB0-71C71AAA67DF}.Debug|Any CPU.Build.0 = Debug|Any CPU
		{7E1855BE-FE10-4C2C-AAB0-71C71AAA67DF}.Release|Any CPU.ActiveCfg = Release|Any CPU
		{7E1855BE-FE10-4C2C-AAB0-71C71AAA67DF}.Release|Any CPU.Build.0 = Release|Any CPU
	EndGlobalSection
EndGlobal
